// !$*UTF8*$!
{
	archiveVersion = 1;
	classes = {
	};
	objectVersion = 46;
	objects = {

/* Begin PBXBuildFile section */
		4E09D4851E1EEE380035A438 /* main.swift in Sources */ = {isa = PBXBuildFile; fileRef = 4E09D4841E1EEE380035A438 /* main.swift */; };
		4E09D49A1E1EF0100035A438 /* StringTests.swift in Sources */ = {isa = PBXBuildFile; fileRef = 4E09D4991E1EF0100035A438 /* StringTests.swift */; };
		4E09D49C1E1EF03F0035A438 /* String.swift in Sources */ = {isa = PBXBuildFile; fileRef = 4E09D49B1E1EF03F0035A438 /* String.swift */; };
		4E09D49D1E1EF1F30035A438 /* String.swift in Sources */ = {isa = PBXBuildFile; fileRef = 4E09D49B1E1EF03F0035A438 /* String.swift */; };
/* End PBXBuildFile section */

/* Begin PBXCopyFilesBuildPhase section */
		4E09D47F1E1EEE380035A438 /* CopyFiles */ = {
			isa = PBXCopyFilesBuildPhase;
			buildActionMask = 2147483647;
			dstPath = /usr/share/man/man1/;
			dstSubfolderSpec = 0;
			files = (
			);
			runOnlyForDeploymentPostprocessing = 1;
		};
/* End PBXCopyFilesBuildPhase section */

/* Begin PBXFileReference section */
		4E09D4811E1EEE380035A438 /* StringExtensions */ = {isa = PBXFileReference; explicitFileType = "compiled.mach-o.executable"; includeInIndex = 0; path = StringExtensions; sourceTree = BUILT_PRODUCTS_DIR; };
		4E09D4841E1EEE380035A438 /* main.swift */ = {isa = PBXFileReference; lastKnownFileType = sourcecode.swift; path = main.swift; sourceTree = "<group>"; };
		4E09D4911E1EEFB90035A438 /* StringExtensionsTests.xctest */ = {isa = PBXFileReference; explicitFileType = wrapper.cfbundle; includeInIndex = 0; path = StringExtensionsTests.xctest; sourceTree = BUILT_PRODUCTS_DIR; };
		4E09D4951E1EEFB90035A438 /* Info.plist */ = {isa = PBXFileReference; lastKnownFileType = text.plist.xml; path = Info.plist; sourceTree = "<group>"; };
		4E09D4991E1EF0100035A438 /* StringTests.swift */ = {isa = PBXFileReference; fileEncoding = 4; lastKnownFileType = sourcecode.swift; path = StringTests.swift; sourceTree = "<group>"; };
		4E09D49B1E1EF03F0035A438 /* String.swift */ = {isa = PBXFileReference; fileEncoding = 4; lastKnownFileType = sourcecode.swift; path = String.swift; sourceTree = "<group>"; };
/* End PBXFileReference section */

/* Begin PBXFrameworksBuildPhase section */
		4E09D47E1E1EEE380035A438 /* Frameworks */ = {
			isa = PBXFrameworksBuildPhase;
			buildActionMask = 2147483647;
			files = (
			);
			runOnlyForDeploymentPostprocessing = 0;
		};
		4E09D48E1E1EEFB90035A438 /* Frameworks */ = {
			isa = PBXFrameworksBuildPhase;
			buildActionMask = 2147483647;
			files = (
			);
			runOnlyForDeploymentPostprocessing = 0;
		};
/* End PBXFrameworksBuildPhase section */

/* Begin PBXGroup section */
		4E09D4781E1EEE380035A438 = {
			isa = PBXGroup;
			children = (
				4E09D4831E1EEE380035A438 /* StringExtensions */,
				4E09D4921E1EEFB90035A438 /* StringExtensionsTests */,
				4E09D4821E1EEE380035A438 /* Products */,
			);
			sourceTree = "<group>";
		};
		4E09D4821E1EEE380035A438 /* Products */ = {
			isa = PBXGroup;
			children = (
				4E09D4811E1EEE380035A438 /* StringExtensions */,
				4E09D4911E1EEFB90035A438 /* StringExtensionsTests.xctest */,
			);
			name = Products;
			sourceTree = "<group>";
		};
		4E09D4831E1EEE380035A438 /* StringExtensions */ = {
			isa = PBXGroup;
			children = (
				4E09D4841E1EEE380035A438 /* main.swift */,
				4E09D49B1E1EF03F0035A438 /* String.swift */,
			);
			path = StringExtensions;
			sourceTree = "<group>";
		};
		4E09D4921E1EEFB90035A438 /* StringExtensionsTests */ = {
			isa = PBXGroup;
			children = (
				4E09D4951E1EEFB90035A438 /* Info.plist */,
				4E09D4991E1EF0100035A438 /* StringTests.swift */,
			);
			path = StringExtensionsTests;
			sourceTree = "<group>";
		};
/* End PBXGroup section */

/* Begin PBXNativeTarget section */
		4E09D4801E1EEE380035A438 /* StringExtensions */ = {
			isa = PBXNativeTarget;
			buildConfigurationList = 4E09D4881E1EEE380035A438 /* Build configuration list for PBXNativeTarget "StringExtensions" */;
			buildPhases = (
				4E09D47D1E1EEE380035A438 /* Sources */,
				4E09D47E1E1EEE380035A438 /* Frameworks */,
				4E09D47F1E1EEE380035A438 /* CopyFiles */,
			);
			buildRules = (
			);
			dependencies = (
			);
			name = StringExtensions;
			productName = StringExtensions;
			productReference = 4E09D4811E1EEE380035A438 /* StringExtensions */;
			productType = "com.apple.product-type.tool";
		};
		4E09D4901E1EEFB90035A438 /* StringExtensionsTests */ = {
			isa = PBXNativeTarget;
			buildConfigurationList = 4E09D4961E1EEFB90035A438 /* Build configuration list for PBXNativeTarget "StringExtensionsTests" */;
			buildPhases = (
				4E09D48D1E1EEFB90035A438 /* Sources */,
				4E09D48E1E1EEFB90035A438 /* Frameworks */,
				4E09D48F1E1EEFB90035A438 /* Resources */,
			);
			buildRules = (
			);
			dependencies = (
			);
			name = StringExtensionsTests;
			productName = StringExtensionsTests;
			productReference = 4E09D4911E1EEFB90035A438 /* StringExtensionsTests.xctest */;
			productType = "com.apple.product-type.bundle.unit-test";
		};
/* End PBXNativeTarget section */

/* Begin PBXProject section */
		4E09D4791E1EEE380035A438 /* Project object */ = {
			isa = PBXProject;
			attributes = {
				LastSwiftUpdateCheck = 0820;
				LastUpgradeCheck = 0820;
				ORGANIZATIONNAME = "Koumparos Software";
				TargetAttributes = {
					4E09D4801E1EEE380035A438 = {
						CreatedOnToolsVersion = 8.2;
						DevelopmentTeam = XX6NL7WV4B;
						ProvisioningStyle = Automatic;
					};
					4E09D4901E1EEFB90035A438 = {
						CreatedOnToolsVersion = 8.2;
						DevelopmentTeam = XX6NL7WV4B;
						LastSwiftMigration = 0820;
						ProvisioningStyle = Automatic;
					};
				};
			};
			buildConfigurationList = 4E09D47C1E1EEE380035A438 /* Build configuration list for PBXProject "StringExtensions" */;
			compatibilityVersion = "Xcode 3.2";
			developmentRegion = English;
			hasScannedForEncodings = 0;
			knownRegions = (
				en,
			);
			mainGroup = 4E09D4781E1EEE380035A438;
			productRefGroup = 4E09D4821E1EEE380035A438 /* Products */;
			projectDirPath = "";
			projectRoot = "";
			targets = (
				4E09D4801E1EEE380035A438 /* StringExtensions */,
				4E09D4901E1EEFB90035A438 /* StringExtensionsTests */,
			);
		};
/* End PBXProject section */

/* Begin PBXResourcesBuildPhase section */
		4E09D48F1E1EEFB90035A438 /* Resources */ = {
			isa = PBXResourcesBuildPhase;
			buildActionMask = 2147483647;
			files = (
			);
			runOnlyForDeploymentPostprocessing = 0;
		};
/* End PBXResourcesBuildPhase section */

/* Begin PBXSourcesBuildPhase section */
		4E09D47D1E1EEE380035A438 /* Sources */ = {
			isa = PBXSourcesBuildPhase;
			buildActionMask = 2147483647;
			files = (
				4E09D49C1E1EF03F0035A438 /* String.swift in Sources */,
				4E09D4851E1EEE380035A438 /* main.swift in Sources */,
			);
			runOnlyForDeploymentPostprocessing = 0;
		};
		4E09D48D1E1EEFB90035A438 /* Sources */ = {
			isa = PBXSourcesBuildPhase;
			buildActionMask = 2147483647;
			files = (
				4E09D49D1E1EF1F30035A438 /* String.swift in Sources */,
				4E09D49A1E1EF0100035A438 /* StringTests.swift in Sources */,
			);
			runOnlyForDeploymentPostprocessing = 0;
		};
/* End PBXSourcesBuildPhase section */

/* Begin XCBuildConfiguration section */
		4E09D4861E1EEE380035A438 /* Debug */ = {
			isa = XCBuildConfiguration;
			buildSettings = {
				ALWAYS_SEARCH_USER_PATHS = NO;
				CLANG_ANALYZER_NONNULL = YES;
				CLANG_CXX_LANGUAGE_STANDARD = "gnu++0x";
				CLANG_CXX_LIBRARY = "libc++";
				CLANG_ENABLE_MODULES = YES;
				CLANG_ENABLE_OBJC_ARC = YES;
				CLANG_WARN_BOOL_CONVERSION = YES;
				CLANG_WARN_CONSTANT_CONVERSION = YES;
				CLANG_WARN_DIRECT_OBJC_ISA_USAGE = YES_ERROR;
				CLANG_WARN_DOCUMENTATION_COMMENTS = YES;
				CLANG_WARN_EMPTY_BODY = YES;
				CLANG_WARN_ENUM_CONVERSION = YES;
				CLANG_WARN_INFINITE_RECURSION = YES;
				CLANG_WARN_INT_CONVERSION = YES;
				CLANG_WARN_OBJC_ROOT_CLASS = YES_ERROR;
				CLANG_WARN_SUSPICIOUS_MOVE = YES;
				CLANG_WARN_UNREACHABLE_CODE = YES;
				CLANG_WARN__DUPLICATE_METHOD_MATCH = YES;
				CODE_SIGN_IDENTITY = "-";
				COPY_PHASE_STRIP = NO;
				DEBUG_INFORMATION_FORMAT = dwarf;
				ENABLE_STRICT_OBJC_MSGSEND = YES;
				ENABLE_TESTABILITY = YES;
				GCC_C_LANGUAGE_STANDARD = gnu99;
				GCC_DYNAMIC_NO_PIC = NO;
				GCC_NO_COMMON_BLOCKS = YES;
				GCC_OPTIMIZATION_LEVEL = 0;
				GCC_PREPROCESSOR_DEFINITIONS = (
					"DEBUG=1",
					"$(inherited)",
				);
				GCC_WARN_64_TO_32_BIT_CONVERSION = YES;
				GCC_WARN_ABOUT_RETURN_TYPE = YES_ERROR;
				GCC_WARN_UNDECLARED_SELECTOR = YES;
				GCC_WARN_UNINITIALIZED_AUTOS = YES_AGGRESSIVE;
				GCC_WARN_UNUSED_FUNCTION = YES;
				GCC_WARN_UNUSED_VARIABLE = YES;
				MACOSX_DEPLOYMENT_TARGET = 10.12;
				MTL_ENABLE_DEBUG_INFO = YES;
				ONLY_ACTIVE_ARCH = YES;
				SDKROOT = macosx;
				SWIFT_OPTIMIZATION_LEVEL = "-Onone";
			};
			name = Debug;
		};
		4E09D4871E1EEE380035A438 /* Release */ = {
			isa = XCBuildConfiguration;
			buildSettings = {
				ALWAYS_SEARCH_USER_PATHS = NO;
				CLANG_ANALYZER_NONNULL = YES;
				CLANG_CXX_LANGUAGE_STANDARD = "gnu++0x";
				CLANG_CXX_LIBRARY = "libc++";
				CLANG_ENABLE_MODULES = YES;
				CLANG_ENABLE_OBJC_ARC = YES;
				CLANG_WARN_BOOL_CONVERSION = YES;
				CLANG_WARN_CONSTANT_CONVERSION = YES;
				CLANG_WARN_DIRECT_OBJC_ISA_USAGE = YES_ERROR;
				CLANG_WARN_DOCUMENTATION_COMMENTS = YES;
				CLANG_WARN_EMPTY_BODY = YES;
				CLANG_WARN_ENUM_CONVERSION = YES;
				CLANG_WARN_INFINITE_RECURSION = YES;
				CLANG_WARN_INT_CONVERSION = YES;
				CLANG_WARN_OBJC_ROOT_CLASS = YES_ERROR;
				CLANG_WARN_SUSPICIOUS_MOVE = YES;
				CLANG_WARN_UNREACHABLE_CODE = YES;
				CLANG_WARN__DUPLICATE_METHOD_MATCH = YES;
				CODE_SIGN_IDENTITY = "-";
				COPY_PHASE_STRIP = NO;
				DEBUG_INFORMATION_FORMAT = "dwarf-with-dsym";
				ENABLE_NS_ASSERTIONS = NO;
				ENABLE_STRICT_OBJC_MSGSEND = YES;
				GCC_C_LANGUAGE_STANDARD = gnu99;
				GCC_NO_COMMON_BLOCKS = YES;
				GCC_WARN_64_TO_32_BIT_CONVERSION = YES;
				GCC_WARN_ABOUT_RETURN_TYPE = YES_ERROR;
				GCC_WARN_UNDECLARED_SELECTOR = YES;
				GCC_WARN_UNINITIALIZED_AUTOS = YES_AGGRESSIVE;
				GCC_WARN_UNUSED_FUNCTION = YES;
				GCC_WARN_UNUSED_VARIABLE = YES;
				MACOSX_DEPLOYMENT_TARGET = 10.12;
				MTL_ENABLE_DEBUG_INFO = NO;
				SDKROOT = macosx;
			};
			name = Release;
		};
		4E09D4891E1EEE380035A438 /* Debug */ = {
			isa = XCBuildConfiguration;
			buildSettings = {
				DEVELOPMENT_TEAM = XX6NL7WV4B;
				PRODUCT_NAME = "$(TARGET_NAME)";
				SWIFT_VERSION = 3.0;
			};
			name = Debug;
		};
		4E09D48A1E1EEE380035A438 /* Release */ = {
			isa = XCBuildConfiguration;
			buildSettings = {
				DEVELOPMENT_TEAM = XX6NL7WV4B;
				PRODUCT_NAME = "$(TARGET_NAME)";
				SWIFT_VERSION = 3.0;
			};
			name = Release;
		};
		4E09D4971E1EEFB90035A438 /* Debug */ = {
			isa = XCBuildConfiguration;
			buildSettings = {
				CLANG_ENABLE_MODULES = YES;
				COMBINE_HIDPI_IMAGES = YES;
				DEVELOPMENT_TEAM = XX6NL7WV4B;
				INFOPLIST_FILE = StringExtensionsTests/Info.plist;
				LD_RUNPATH_SEARCH_PATHS = "$(inherited) @executable_path/../Frameworks @loader_path/../Frameworks";
				PRODUCT_BUNDLE_IDENTIFIER = com.koumparossoftware.StringExtensionsTests;
				PRODUCT_NAME = "$(TARGET_NAME)";
				SWIFT_ACTIVE_COMPILATION_CONDITIONS = DEBUG;
				SWIFT_OPTIMIZATION_LEVEL = "-Onone";
				SWIFT_VERSION = 3.0;
			};
			name = Debug;
		};
		4E09D4981E1EEFB90035A438 /* Release */ = {
			isa = XCBuildConfiguration;
			buildSettings = {
				CLANG_ENABLE_MODULES = YES;
				COMBINE_HIDPI_IMAGES = YES;
				DEVELOPMENT_TEAM = XX6NL7WV4B;
				INFOPLIST_FILE = StringExtensionsTests/Info.plist;
				LD_RUNPATH_SEARCH_PATHS = "$(inherited) @executable_path/../Frameworks @loader_path/../Frameworks";
				PRODUCT_BUNDLE_IDENTIFIER = com.koumparossoftware.StringExtensionsTests;
				PRODUCT_NAME = "$(TARGET_NAME)";
				SWIFT_OPTIMIZATION_LEVEL = "-Owholemodule";
				SWIFT_VERSION = 3.0;
			};
			name = Release;
		};
/* End XCBuildConfiguration section */

/* Begin XCConfigurationList section */
		4E09D47C1E1EEE380035A438 /* Build configuration list for PBXProject "StringExtensions" */ = {
			isa = XCConfigurationList;
			buildConfigurations = (
				4E09D4861E1EEE380035A438 /* Debug */,
				4E09D4871E1EEE380035A438 /* Release */,
			);
			defaultConfigurationIsVisible = 0;
			defaultConfigurationName = Release;
		};
		4E09D4881E1EEE380035A438 /* Build configuration list for PBXNativeTarget "StringExtensions" */ = {
			isa = XCConfigurationList;
			buildConfigurations = (
				4E09D4891E1EEE380035A438 /* Debug */,
				4E09D48A1E1EEE380035A438 /* Release */,
			);
			defaultConfigurationIsVisible = 0;
		};
		4E09D4961E1EEFB90035A438 /* Build configuration list for PBXNativeTarget "StringExtensionsTests" */ = {
			isa = XCConfigurationList;
			buildConfigurations = (
				4E09D4971E1EEFB90035A438 /* Debug */,
				4E09D4981E1EEFB90035A438 /* Release */,
			);
			defaultConfigurationIsVisible = 0;
		};
/* End XCConfigurationList section */
	};
	rootObject = 4E09D4791E1EEE380035A438 /* Project object */;
}
